{
  "name": "vue",
  "version": "1.0.0",
  "lockfileVersion": 1,
  "requires": true,
  "dependencies": {
    "foliday-analysis": {
      "version": "1.0.2",
      "resolved": "http://h5test.gofoliday.com:4873/foliday-analysis/-/foliday-analysis-1.0.2.tgz",
      "integrity": "sha512-0vFF+N/TGewIrYV/+erwsUMqS0LY+xOrNczn3yHV56jGSwUIEIH+LZKdZRfrlKxbpJatc3A4xuLOsHrkXVfViA==",
      "requires": {
        "sa-sdk-javascript": "^1.14.18"
      }
    },
    "sa-sdk-javascript": {
      "version": "1.14.23",
      "resolved": "http://h5test.gofoliday.com:4873/sa-sdk-javascript/-/sa-sdk-javascript-1.14.23.tgz",
      "integrity": "sha512-8Nvd9u1Mp79XX8dQQ2pxlCeJlsBT/A3ktjZBTb4BaIo1WGpcrPir4Anx8/TKB/ncyGPD6qAtG2QwCyN7jFKQWw=="
    },
    "semver": {
      "version": "7.1.3",
      "resolved": "http://h5test.gofoliday.com:4873/semver/-/semver-7.1.3.tgz",
      "integrity": "sha512-ekM0zfiA9SCBlsKa2X1hxyxiI4L3B6EbVJkkdgQXnSEEaHlGdvyodMruTiulSRWMMB4NeIuYNMC9rTKTz97GxA=="
    },
    "snabbdom": {
      "version": "0.7.4",
      "resolved": "http://h5test.gofoliday.com:4873/snabbdom/-/snabbdom-0.7.4.tgz",
      "integrity": "sha512-nnN+7uZ2NTIiu7EPMNwSDhmrYXqwlfCP/j72RdzvDPujXyvQxOW7Jl9yuLayzxMHDNWQR7FM6Pcn4wnDpKRe6Q=="
    }
  }
}
